PODS:
  - Alamofire (5.0.2)
  - DataDomeSDK (1.6.5):
    - Alamofire
    - Moya
  - Moya (14.0.0):
    - Moya/Core (= 14.0.0)
  - Moya/Core (14.0.0):
    - Alamofire (~> 5.0)

DEPENDENCIES:
  - DataDomeSDK (~> 1.6.5)

SPEC REPOS:
  trunk:
    - Alamofire
    - DataDomeSDK
    - Moya

SPEC CHECKSUMS:
  Alamofire: 3ba7a4db18b4f62c4a1c0e1cb39d7f3d52e10ada
  DataDomeSDK: 2f3aa8ca1fc5c507b89b1836124ad3a4d90cba6d
  Moya: 5b45dacb75adb009f97fde91c204c1e565d31916

PODFILE CHECKSUM: 5f3389ecc9cf08367a3ddfcde299374503d1986c

COCOAPODS: 1.8.4
