// !$*UTF8*$!
{
	archiveVersion = 1;
	classes = {
	};
	objectVersion = 51;
	objects = {

/* Begin PBXBuildFile section */
		802F28D627A7F75300E78D53 /* schema.json in Resources */ = {isa = PBXBuildFile; fileRef = 802F28D427A7F75300E78D53 /* schema.json */; };
		802F28D727A7F75300E78D53 /* LaunchList.graphql in Resources */ = {isa = PBXBuildFile; fileRef = 802F28D527A7F75300E78D53 /* LaunchList.graphql */; };
		802F28D927A7F7C800E78D53 /* ApolloViewController.swift in Sources */ = {isa = PBXBuildFile; fileRef = 802F28D827A7F7C800E78D53 /* ApolloViewController.swift */; };
		802F28DB27A7F87300E78D53 /* API.swift in Sources */ = {isa = PBXBuildFile; fileRef = 802F28DA27A7F87300E78D53 /* API.swift */; };
		805406A02513BEC300958515 /* SecondWindowViewController.swift in Sources */ = {isa = PBXBuildFile; fileRef = 805406922513BEC300958515 /* SecondWindowViewController.swift */; };
		805406A12513BEC300958515 /* AppDelegate.swift in Sources */ = {isa = PBXBuildFile; fileRef = 805406932513BEC300958515 /* AppDelegate.swift */; };
		805406A22513BEC300958515 /* AlamofireViewController.swift in Sources */ = {isa = PBXBuildFile; fileRef = 805406952513BEC300958515 /* AlamofireViewController.swift */; };
		805406A32513BEC300958515 /* MoyaViewController.swift in Sources */ = {isa = PBXBuildFile; fileRef = 805406962513BEC300958515 /* MoyaViewController.swift */; };
		805406A42513BEC300958515 /* NetworkingViewController.swift in Sources */ = {isa = PBXBuildFile; fileRef = 805406972513BEC300958515 /* NetworkingViewController.swift */; };
		805406A52513BEC300958515 /* URLSessionViewController.swift in Sources */ = {isa = PBXBuildFile; fileRef = 805406982513BEC300958515 /* URLSessionViewController.swift */; };
		805406A62513BEC300958515 /* SceneDelegate.swift in Sources */ = {isa = PBXBuildFile; fileRef = 805406992513BEC300958515 /* SceneDelegate.swift */; };
		805406A72513BEC300958515 /* LaunchScreen.storyboard in Resources */ = {isa = PBXBuildFile; fileRef = 8054069C2513BEC300958515 /* LaunchScreen.storyboard */; };
		805406A82513BEC300958515 /* Main.storyboard in Resources */ = {isa = PBXBuildFile; fileRef = 8054069D2513BEC300958515 /* Main.storyboard */; };
		805406A92513BEC300958515 /* SecondWindowViewController.xib in Resources */ = {isa = PBXBuildFile; fileRef = 8054069E2513BEC300958515 /* SecondWindowViewController.xib */; };
		805406AA2513BEC300958515 /* Assets.xcassets in Resources */ = {isa = PBXBuildFile; fileRef = 8054069F2513BEC300958515 /* Assets.xcassets */; };
		E56E47FFD28692F7AC56CBEB /* Pods_DataDomeSDKTestApp.framework in Frameworks */ = {isa = PBXBuildFile; fileRef = A189BBFBF6D8D062A5303873 /* Pods_DataDomeSDKTestApp.framework */; };
/* End PBXBuildFile section */

/* Begin PBXCopyFilesBuildPhase section */
		804329E3247BBFD2006F0042 /* Embed Frameworks */ = {
			isa = PBXCopyFilesBuildPhase;
			buildActionMask = 2147483647;
			dstPath = "";
			dstSubfolderSpec = 10;
			files = (
			);
			name = "Embed Frameworks";
			runOnlyForDeploymentPostprocessing = 0;
		};
/* End PBXCopyFilesBuildPhase section */

/* Begin PBXFileReference section */
		0042BC06FB6329138F589F76 /* Pods-DataDomeSDKTestApp.release.xcconfig */ = {isa = PBXFileReference; includeInIndex = 1; lastKnownFileType = text.xcconfig; name = "Pods-DataDomeSDKTestApp.release.xcconfig"; path = "Target Support Files/Pods-DataDomeSDKTestApp/Pods-DataDomeSDKTestApp.release.xcconfig"; sourceTree = "<group>"; };
		4AFE3097228EE7FD00F7D3D2 /* DataDomeSDKTestApp.app */ = {isa = PBXFileReference; explicitFileType = wrapper.application; includeInIndex = 0; path = DataDomeSDKTestApp.app; sourceTree = BUILT_PRODUCTS_DIR; };
		7B27CA8A59D2E6C3FE7CC237 /* Pods-DataDomeSDK.release.xcconfig */ = {isa = PBXFileReference; includeInIndex = 1; lastKnownFileType = text.xcconfig; name = "Pods-DataDomeSDK.release.xcconfig"; path = "Target Support Files/Pods-DataDomeSDK/Pods-DataDomeSDK.release.xcconfig"; sourceTree = "<group>"; };
		802F28D427A7F75300E78D53 /* schema.json */ = {isa = PBXFileReference; fileEncoding = 4; lastKnownFileType = text.json; path = schema.json; sourceTree = "<group>"; };
		802F28D527A7F75300E78D53 /* LaunchList.graphql */ = {isa = PBXFileReference; fileEncoding = 4; lastKnownFileType = text; path = LaunchList.graphql; sourceTree = "<group>"; };
		802F28D827A7F7C800E78D53 /* ApolloViewController.swift */ = {isa = PBXFileReference; fileEncoding = 4; lastKnownFileType = sourcecode.swift; path = ApolloViewController.swift; sourceTree = "<group>"; };
		802F28DA27A7F87300E78D53 /* API.swift */ = {isa = PBXFileReference; fileEncoding = 4; lastKnownFileType = sourcecode.swift; path = API.swift; sourceTree = "<group>"; };
		805406922513BEC300958515 /* SecondWindowViewController.swift */ = {isa = PBXFileReference; fileEncoding = 4; lastKnownFileType = sourcecode.swift; path = SecondWindowViewController.swift; sourceTree = "<group>"; };
		805406932513BEC300958515 /* AppDelegate.swift */ = {isa = PBXFileReference; fileEncoding = 4; lastKnownFileType = sourcecode.swift; path = AppDelegate.swift; sourceTree = "<group>"; };
		805406952513BEC300958515 /* AlamofireViewController.swift */ = {isa = PBXFileReference; fileEncoding = 4; lastKnownFileType = sourcecode.swift; path = AlamofireViewController.swift; sourceTree = "<group>"; };
		805406962513BEC300958515 /* MoyaViewController.swift */ = {isa = PBXFileReference; fileEncoding = 4; lastKnownFileType = sourcecode.swift; path = MoyaViewController.swift; sourceTree = "<group>"; };
		805406972513BEC300958515 /* NetworkingViewController.swift */ = {isa = PBXFileReference; fileEncoding = 4; lastKnownFileType = sourcecode.swift; path = NetworkingViewController.swift; sourceTree = "<group>"; };
		805406982513BEC300958515 /* URLSessionViewController.swift */ = {isa = PBXFileReference; fileEncoding = 4; lastKnownFileType = sourcecode.swift; path = URLSessionViewController.swift; sourceTree = "<group>"; };
		805406992513BEC300958515 /* SceneDelegate.swift */ = {isa = PBXFileReference; fileEncoding = 4; lastKnownFileType = sourcecode.swift; path = SceneDelegate.swift; sourceTree = "<group>"; };
		8054069C2513BEC300958515 /* LaunchScreen.storyboard */ = {isa = PBXFileReference; fileEncoding = 4; lastKnownFileType = file.storyboard; path = LaunchScreen.storyboard; sourceTree = "<group>"; };
		8054069D2513BEC300958515 /* Main.storyboard */ = {isa = PBXFileReference; fileEncoding = 4; lastKnownFileType = file.storyboard; path = Main.storyboard; sourceTree = "<group>"; };
		8054069E2513BEC300958515 /* SecondWindowViewController.xib */ = {isa = PBXFileReference; fileEncoding = 4; lastKnownFileType = file.xib; path = SecondWindowViewController.xib; sourceTree = "<group>"; };
		8054069F2513BEC300958515 /* Assets.xcassets */ = {isa = PBXFileReference; lastKnownFileType = folder.assetcatalog; path = Assets.xcassets; sourceTree = "<group>"; };
		80C6D077250B79F500A2CFF5 /* Info.plist */ = {isa = PBXFileReference; fileEncoding = 4; lastKnownFileType = text.plist.xml; path = Info.plist; sourceTree = "<group>"; };
		824975CE876D485D04968283 /* Pods-DataDomeSDK.debug.xcconfig */ = {isa = PBXFileReference; includeInIndex = 1; lastKnownFileType = text.xcconfig; name = "Pods-DataDomeSDK.debug.xcconfig"; path = "Target Support Files/Pods-DataDomeSDK/Pods-DataDomeSDK.debug.xcconfig"; sourceTree = "<group>"; };
		8FABBC6C3A91723B7FDAC0F2 /* Pods-DataDomeSDKTestApp.debug.xcconfig */ = {isa = PBXFileReference; includeInIndex = 1; lastKnownFileType = text.xcconfig; name = "Pods-DataDomeSDKTestApp.debug.xcconfig"; path = "Target Support Files/Pods-DataDomeSDKTestApp/Pods-DataDomeSDKTestApp.debug.xcconfig"; sourceTree = "<group>"; };
		A189BBFBF6D8D062A5303873 /* Pods_DataDomeSDKTestApp.framework */ = {isa = PBXFileReference; explicitFileType = wrapper.framework; includeInIndex = 0; path = Pods_DataDomeSDKTestApp.framework; sourceTree = BUILT_PRODUCTS_DIR; };
		DF75023E5164CDB5777575EC /* Pods_DataDomeSDK.framework */ = {isa = PBXFileReference; explicitFileType = wrapper.framework; includeInIndex = 0; path = Pods_DataDomeSDK.framework; sourceTree = BUILT_PRODUCTS_DIR; };
/* End PBXFileReference section */

/* Begin PBXFrameworksBuildPhase section */
		4AFE3094228EE7FD00F7D3D2 /* Frameworks */ = {
			isa = PBXFrameworksBuildPhase;
			buildActionMask = 2147483647;
			files = (
				E56E47FFD28692F7AC56CBEB /* Pods_DataDomeSDKTestApp.framework in Frameworks */,
			);
			runOnlyForDeploymentPostprocessing = 0;
		};
/* End PBXFrameworksBuildPhase section */

/* Begin PBXGroup section */
		3B733BF31A9157C552DF755C /* Pods */ = {
			isa = PBXGroup;
			children = (
				8FABBC6C3A91723B7FDAC0F2 /* Pods-DataDomeSDKTestApp.debug.xcconfig */,
				0042BC06FB6329138F589F76 /* Pods-DataDomeSDKTestApp.release.xcconfig */,
				824975CE876D485D04968283 /* Pods-DataDomeSDK.debug.xcconfig */,
				7B27CA8A59D2E6C3FE7CC237 /* Pods-DataDomeSDK.release.xcconfig */,
			);
			path = Pods;
			sourceTree = "<group>";
		};
		4AFE308E228EE7FD00F7D3D2 = {
			isa = PBXGroup;
			children = (
				4AFE3099228EE7FD00F7D3D2 /* DataDomeSDKTestApp */,
				4AFE3098228EE7FD00F7D3D2 /* Products */,
				3B733BF31A9157C552DF755C /* Pods */,
				5FB323087A946867C5F00669 /* Frameworks */,
			);
			sourceTree = "<group>";
		};
		4AFE3098228EE7FD00F7D3D2 /* Products */ = {
			isa = PBXGroup;
			children = (
				4AFE3097228EE7FD00F7D3D2 /* DataDomeSDKTestApp.app */,
			);
			name = Products;
			sourceTree = "<group>";
		};
		4AFE3099228EE7FD00F7D3D2 /* DataDomeSDKTestApp */ = {
			isa = PBXGroup;
			children = (
				805406912513BEC300958515 /* Classes */,
				8054069A2513BEC300958515 /* Resources */,
				80C6D076250B79F500A2CFF5 /* Supporting Files */,
			);
			path = DataDomeSDKTestApp;
			sourceTree = "<group>";
		};
		5FB323087A946867C5F00669 /* Frameworks */ = {
			isa = PBXGroup;
			children = (
				A189BBFBF6D8D062A5303873 /* Pods_DataDomeSDKTestApp.framework */,
				DF75023E5164CDB5777575EC /* Pods_DataDomeSDK.framework */,
			);
			name = Frameworks;
			sourceTree = "<group>";
		};
		802F28D327A7F75300E78D53 /* GraphQL */ = {
			isa = PBXGroup;
			children = (
				802F28D427A7F75300E78D53 /* schema.json */,
				802F28D527A7F75300E78D53 /* LaunchList.graphql */,
			);
			path = GraphQL;
			sourceTree = "<group>";
		};
		805406912513BEC300958515 /* Classes */ = {
			isa = PBXGroup;
			children = (
				805406992513BEC300958515 /* SceneDelegate.swift */,
				805406932513BEC300958515 /* AppDelegate.swift */,
				805406942513BEC300958515 /* Controllers */,
			);
			path = Classes;
			sourceTree = "<group>";
		};
		805406942513BEC300958515 /* Controllers */ = {
			isa = PBXGroup;
			children = (
				805406972513BEC300958515 /* NetworkingViewController.swift */,
				805406952513BEC300958515 /* AlamofireViewController.swift */,
				805406962513BEC300958515 /* MoyaViewController.swift */,
				805406982513BEC300958515 /* URLSessionViewController.swift */,
				805406922513BEC300958515 /* SecondWindowViewController.swift */,
				802F28D827A7F7C800E78D53 /* ApolloViewController.swift */,
				802F28DA27A7F87300E78D53 /* API.swift */,
			);
			path = Controllers;
			sourceTree = "<group>";
		};
		8054069A2513BEC300958515 /* Resources */ = {
			isa = PBXGroup;
			children = (
				802F28D327A7F75300E78D53 /* GraphQL */,
				8054069B2513BEC300958515 /* Interface */,
				8054069F2513BEC300958515 /* Assets.xcassets */,
			);
			path = Resources;
			sourceTree = "<group>";
		};
		8054069B2513BEC300958515 /* Interface */ = {
			isa = PBXGroup;
			children = (
				8054069C2513BEC300958515 /* LaunchScreen.storyboard */,
				8054069D2513BEC300958515 /* Main.storyboard */,
				8054069E2513BEC300958515 /* SecondWindowViewController.xib */,
			);
			path = Interface;
			sourceTree = "<group>";
		};
		80C6D076250B79F500A2CFF5 /* Supporting Files */ = {
			isa = PBXGroup;
			children = (
				80C6D077250B79F500A2CFF5 /* Info.plist */,
			);
			path = "Supporting Files";
			sourceTree = "<group>";
		};
/* End PBXGroup section */

/* Begin PBXNativeTarget section */
		4AFE3096228EE7FD00F7D3D2 /* DataDomeSDKTestApp */ = {
			isa = PBXNativeTarget;
			buildConfigurationList = 4AFE30A9228EE80100F7D3D2 /* Build configuration list for PBXNativeTarget "DataDomeSDKTestApp" */;
			buildPhases = (
				2242E21F332FB80569121D3D /* [CP] Check Pods Manifest.lock */,
				4AFE3093228EE7FD00F7D3D2 /* Sources */,
				4AFE3094228EE7FD00F7D3D2 /* Frameworks */,
				4AFE3095228EE7FD00F7D3D2 /* Resources */,
				F1079D8422F3316A002002BA /* Run SwiftLint */,
				29C26BA46D9DF0EF46FB2E4E /* [CP] Embed Pods Frameworks */,
				804329E3247BBFD2006F0042 /* Embed Frameworks */,
				802F28DC27A7F89600E78D53 /* Apollo CLI */,
			);
			buildRules = (
			);
			dependencies = (
			);
			name = DataDomeSDKTestApp;
			productName = DataDomeSDKTestApp;
			productReference = 4AFE3097228EE7FD00F7D3D2 /* DataDomeSDKTestApp.app */;
			productType = "com.apple.product-type.application";
		};
/* End PBXNativeTarget section */

/* Begin PBXProject section */
		4AFE308F228EE7FD00F7D3D2 /* Project object */ = {
			isa = PBXProject;
			attributes = {
				LastSwiftUpdateCheck = 1150;
				LastUpgradeCheck = 1310;
				ORGANIZATIONNAME = DataDome;
				TargetAttributes = {
					4AFE3096228EE7FD00F7D3D2 = {
						CreatedOnToolsVersion = 10.1;
						ProvisioningStyle = Automatic;
						SystemCapabilities = {
							com.apple.DataProtection = {
								enabled = 0;
							};
							com.apple.HomeKit = {
								enabled = 0;
							};
							com.apple.InAppPurchase = {
								enabled = 0;
							};
							com.apple.iCloud = {
								enabled = 0;
							};
						};
					};
				};
			};
			buildConfigurationList = 4AFE3092228EE7FD00F7D3D2 /* Build configuration list for PBXProject "DataDomeSDKTestApp" */;
			compatibilityVersion = "Xcode 9.3";
			developmentRegion = en;
			hasScannedForEncodings = 0;
			knownRegions = (
				en,
				Base,
			);
			mainGroup = 4AFE308E228EE7FD00F7D3D2;
			productRefGroup = 4AFE3098228EE7FD00F7D3D2 /* Products */;
			projectDirPath = "";
			projectRoot = "";
			targets = (
				4AFE3096228EE7FD00F7D3D2 /* DataDomeSDKTestApp */,
			);
		};
/* End PBXProject section */

/* Begin PBXResourcesBuildPhase section */
		4AFE3095228EE7FD00F7D3D2 /* Resources */ = {
			isa = PBXResourcesBuildPhase;
			buildActionMask = 2147483647;
			files = (
				802F28D727A7F75300E78D53 /* LaunchList.graphql in Resources */,
				805406A72513BEC300958515 /* LaunchScreen.storyboard in Resources */,
				802F28D627A7F75300E78D53 /* schema.json in Resources */,
				805406A82513BEC300958515 /* Main.storyboard in Resources */,
				805406AA2513BEC300958515 /* Assets.xcassets in Resources */,
				805406A92513BEC300958515 /* SecondWindowViewController.xib in Resources */,
			);
			runOnlyForDeploymentPostprocessing = 0;
		};
/* End PBXResourcesBuildPhase section */

/* Begin PBXShellScriptBuildPhase section */
		2242E21F332FB80569121D3D /* [CP] Check Pods Manifest.lock */ = {
			isa = PBXShellScriptBuildPhase;
			buildActionMask = 2147483647;
			files = (
			);
			inputFileListPaths = (
			);
			inputPaths = (
				"${PODS_PODFILE_DIR_PATH}/Podfile.lock",
				"${PODS_ROOT}/Manifest.lock",
			);
			name = "[CP] Check Pods Manifest.lock";
			outputFileListPaths = (
			);
			outputPaths = (
				"$(DERIVED_FILE_DIR)/Pods-DataDomeSDKTestApp-checkManifestLockResult.txt",
			);
			runOnlyForDeploymentPostprocessing = 0;
			shellPath = /bin/sh;
			shellScript = "diff \"${PODS_PODFILE_DIR_PATH}/Podfile.lock\" \"${PODS_ROOT}/Manifest.lock\" > /dev/null\nif [ $? != 0 ] ; then\n    # print error to STDERR\n    echo \"error: The sandbox is not in sync with the Podfile.lock. Run 'pod install' or update your CocoaPods installation.\" >&2\n    exit 1\nfi\n# This output is used by Xcode 'outputs' to avoid re-running this script phase.\necho \"SUCCESS\" > \"${SCRIPT_OUTPUT_FILE_0}\"\n";
			showEnvVarsInLog = 0;
		};
		29C26BA46D9DF0EF46FB2E4E /* [CP] Embed Pods Frameworks */ = {
			isa = PBXShellScriptBuildPhase;
			buildActionMask = 2147483647;
			files = (
			);
			inputFileListPaths = (
				"${PODS_ROOT}/Target Support Files/Pods-DataDomeSDKTestApp/Pods-DataDomeSDKTestApp-frameworks-${CONFIGURATION}-input-files.xcfilelist",
			);
			name = "[CP] Embed Pods Frameworks";
			outputFileListPaths = (
				"${PODS_ROOT}/Target Support Files/Pods-DataDomeSDKTestApp/Pods-DataDomeSDKTestApp-frameworks-${CONFIGURATION}-output-files.xcfilelist",
			);
			runOnlyForDeploymentPostprocessing = 0;
			shellPath = /bin/sh;
			shellScript = "\"${PODS_ROOT}/Target Support Files/Pods-DataDomeSDKTestApp/Pods-DataDomeSDKTestApp-frameworks.sh\"\n";
			showEnvVarsInLog = 0;
		};
		802F28DC27A7F89600E78D53 /* Apollo CLI */ = {
			isa = PBXShellScriptBuildPhase;
			buildActionMask = 2147483647;
			files = (
			);
			inputFileListPaths = (
			);
			inputPaths = (
			);
			name = "Apollo CLI";
			outputFileListPaths = (
			);
			outputPaths = (
			);
			runOnlyForDeploymentPostprocessing = 0;
			shellPath = /bin/sh;
			shellScript = "# Type a script or drag a script file from your workspace to insert its path.\n#SCRIPT_PATH=\"${PODS_ROOT}/Apollo/scripts\"\n#cd \"${SRCROOT}/${TARGET_NAME}\"\n#\"${SCRIPT_PATH}\"/run-bundled-codegen.sh codegen:generate --target=swift --includes=./**/*.graphql --localSchemaFile=\"schema.json\" API.swift\n#\"${SCRIPT_PATH}\"/run-bundled-codegen.sh schema:download --endpoint=\"https://apollo-fullstack-tutorial.herokuapp.com/\"\n\n";
		};
		F1079D8422F3316A002002BA /* Run SwiftLint */ = {
			isa = PBXShellScriptBuildPhase;
			buildActionMask = 2147483647;
			files = (
			);
			inputFileListPaths = (
			);
			inputPaths = (
			);
			name = "Run SwiftLint";
			outputFileListPaths = (
			);
			outputPaths = (
			);
			runOnlyForDeploymentPostprocessing = 0;
			shellPath = /bin/sh;
			shellScript = "# Type a script or drag a script file from your workspace to insert its path.\n\"${PODS_ROOT}/SwiftLint/swiftlint\"\n";
		};
/* End PBXShellScriptBuildPhase section */

/* Begin PBXSourcesBuildPhase section */
		4AFE3093228EE7FD00F7D3D2 /* Sources */ = {
			isa = PBXSourcesBuildPhase;
			buildActionMask = 2147483647;
			files = (
				805406A42513BEC300958515 /* NetworkingViewController.swift in Sources */,
				805406A62513BEC300958515 /* SceneDelegate.swift in Sources */,
				805406A32513BEC300958515 /* MoyaViewController.swift in Sources */,
				802F28D927A7F7C800E78D53 /* ApolloViewController.swift in Sources */,
				805406A12513BEC300958515 /* AppDelegate.swift in Sources */,
				805406A52513BEC300958515 /* URLSessionViewController.swift in Sources */,
				805406A22513BEC300958515 /* AlamofireViewController.swift in Sources */,
				802F28DB27A7F87300E78D53 /* API.swift in Sources */,
				805406A02513BEC300958515 /* SecondWindowViewController.swift in Sources */,
			);
			runOnlyForDeploymentPostprocessing = 0;
		};
/* End PBXSourcesBuildPhase section */

/* Begin XCBuildConfiguration section */
		4AFE30A7228EE80100F7D3D2 /* Debug */ = {
			isa = XCBuildConfiguration;
			buildSettings = {
				ALWAYS_SEARCH_USER_PATHS = NO;
				CLANG_ANALYZER_NONNULL = YES;
				CLANG_ANALYZER_NUMBER_OBJECT_CONVERSION = YES_AGGRESSIVE;
				CLANG_CXX_LANGUAGE_STANDARD = "gnu++14";
				CLANG_CXX_LIBRARY = "libc++";
				CLANG_ENABLE_MODULES = YES;
				CLANG_ENABLE_OBJC_ARC = YES;
				CLANG_ENABLE_OBJC_WEAK = YES;
				CLANG_WARN_BLOCK_CAPTURE_AUTORELEASING = YES;
				CLANG_WARN_BOOL_CONVERSION = YES;
				CLANG_WARN_COMMA = YES;
				CLANG_WARN_CONSTANT_CONVERSION = YES;
				CLANG_WARN_DEPRECATED_OBJC_IMPLEMENTATIONS = YES;
				CLANG_WARN_DIRECT_OBJC_ISA_USAGE = YES_ERROR;
				CLANG_WARN_DOCUMENTATION_COMMENTS = YES;
				CLANG_WARN_EMPTY_BODY = YES;
				CLANG_WARN_ENUM_CONVERSION = YES;
				CLANG_WARN_INFINITE_RECURSION = YES;
				CLANG_WARN_INT_CONVERSION = YES;
				CLANG_WARN_NON_LITERAL_NULL_CONVERSION = YES;
				CLANG_WARN_OBJC_IMPLICIT_RETAIN_SELF = YES;
				CLANG_WARN_OBJC_LITERAL_CONVERSION = YES;
				CLANG_WARN_OBJC_ROOT_CLASS = YES_ERROR;
				CLANG_WARN_QUOTED_INCLUDE_IN_FRAMEWORK_HEADER = YES;
				CLANG_WARN_RANGE_LOOP_ANALYSIS = YES;
				CLANG_WARN_STRICT_PROTOTYPES = YES;
				CLANG_WARN_SUSPICIOUS_MOVE = YES;
				CLANG_WARN_UNGUARDED_AVAILABILITY = YES_AGGRESSIVE;
				CLANG_WARN_UNREACHABLE_CODE = YES;
				CLANG_WARN__DUPLICATE_METHOD_MATCH = YES;
				CODE_SIGN_IDENTITY = "iPhone Developer";
				COPY_PHASE_STRIP = NO;
				DEBUG_INFORMATION_FORMAT = dwarf;
				ENABLE_STRICT_OBJC_MSGSEND = YES;
				ENABLE_TESTABILITY = YES;
				GCC_C_LANGUAGE_STANDARD = gnu11;
				GCC_DYNAMIC_NO_PIC = NO;
				GCC_NO_COMMON_BLOCKS = YES;
				GCC_OPTIMIZATION_LEVEL = 0;
				GCC_PREPROCESSOR_DEFINITIONS = (
					"DEBUG=1",
					"$(inherited)",
				);
				GCC_WARN_64_TO_32_BIT_CONVERSION = YES;
				GCC_WARN_ABOUT_RETURN_TYPE = YES_ERROR;
				GCC_WARN_UNDECLARED_SELECTOR = YES;
				GCC_WARN_UNINITIALIZED_AUTOS = YES_AGGRESSIVE;
				GCC_WARN_UNUSED_FUNCTION = YES;
				GCC_WARN_UNUSED_VARIABLE = YES;
				IPHONEOS_DEPLOYMENT_TARGET = 13.0;
				MTL_ENABLE_DEBUG_INFO = INCLUDE_SOURCE;
				MTL_FAST_MATH = YES;
				ONLY_ACTIVE_ARCH = YES;
				SDKROOT = iphoneos;
				SWIFT_ACTIVE_COMPILATION_CONDITIONS = DEBUG;
				SWIFT_OPTIMIZATION_LEVEL = "-Onone";
				SWIFT_VERSION = 5.0;
			};
			name = Debug;
		};
		4AFE30A8228EE80100F7D3D2 /* Release */ = {
			isa = XCBuildConfiguration;
			buildSettings = {
				ALWAYS_SEARCH_USER_PATHS = NO;
				CLANG_ANALYZER_NONNULL = YES;
				CLANG_ANALYZER_NUMBER_OBJECT_CONVERSION = YES_AGGRESSIVE;
				CLANG_CXX_LANGUAGE_STANDARD = "gnu++14";
				CLANG_CXX_LIBRARY = "libc++";
				CLANG_ENABLE_MODULES = YES;
				CLANG_ENABLE_OBJC_ARC = YES;
				CLANG_ENABLE_OBJC_WEAK = YES;
				CLANG_WARN_BLOCK_CAPTURE_AUTORELEASING = YES;
				CLANG_WARN_BOOL_CONVERSION = YES;
				CLANG_WARN_COMMA = YES;
				CLANG_WARN_CONSTANT_CONVERSION = YES;
				CLANG_WARN_DEPRECATED_OBJC_IMPLEMENTATIONS = YES;
				CLANG_WARN_DIRECT_OBJC_ISA_USAGE = YES_ERROR;
				CLANG_WARN_DOCUMENTATION_COMMENTS = YES;
				CLANG_WARN_EMPTY_BODY = YES;
				CLANG_WARN_ENUM_CONVERSION = YES;
				CLANG_WARN_INFINITE_RECURSION = YES;
				CLANG_WARN_INT_CONVERSION = YES;
				CLANG_WARN_NON_LITERAL_NULL_CONVERSION = YES;
				CLANG_WARN_OBJC_IMPLICIT_RETAIN_SELF = YES;
				CLANG_WARN_OBJC_LITERAL_CONVERSION = YES;
				CLANG_WARN_OBJC_ROOT_CLASS = YES_ERROR;
				CLANG_WARN_QUOTED_INCLUDE_IN_FRAMEWORK_HEADER = YES;
				CLANG_WARN_RANGE_LOOP_ANALYSIS = YES;
				CLANG_WARN_STRICT_PROTOTYPES = YES;
				CLANG_WARN_SUSPICIOUS_MOVE = YES;
				CLANG_WARN_UNGUARDED_AVAILABILITY = YES_AGGRESSIVE;
				CLANG_WARN_UNREACHABLE_CODE = YES;
				CLANG_WARN__DUPLICATE_METHOD_MATCH = YES;
				CODE_SIGN_IDENTITY = "iPhone Developer";
				COPY_PHASE_STRIP = NO;
				DEBUG_INFORMATION_FORMAT = "dwarf-with-dsym";
				ENABLE_NS_ASSERTIONS = NO;
				ENABLE_STRICT_OBJC_MSGSEND = YES;
				GCC_C_LANGUAGE_STANDARD = gnu11;
				GCC_NO_COMMON_BLOCKS = YES;
				GCC_WARN_64_TO_32_BIT_CONVERSION = YES;
				GCC_WARN_ABOUT_RETURN_TYPE = YES_ERROR;
				GCC_WARN_UNDECLARED_SELECTOR = YES;
				GCC_WARN_UNINITIALIZED_AUTOS = YES_AGGRESSIVE;
				GCC_WARN_UNUSED_FUNCTION = YES;
				GCC_WARN_UNUSED_VARIABLE = YES;
				IPHONEOS_DEPLOYMENT_TARGET = 13.0;
				MTL_ENABLE_DEBUG_INFO = NO;
				MTL_FAST_MATH = YES;
				SDKROOT = iphoneos;
				SWIFT_COMPILATION_MODE = wholemodule;
				SWIFT_OPTIMIZATION_LEVEL = "-O";
				SWIFT_VERSION = 5.0;
				VALIDATE_PRODUCT = YES;
			};
			name = Release;
		};
		4AFE30AA228EE80100F7D3D2 /* Debug */ = {
			isa = XCBuildConfiguration;
			baseConfigurationReference = 8FABBC6C3A91723B7FDAC0F2 /* Pods-DataDomeSDKTestApp.debug.xcconfig */;
			buildSettings = {
				ASSETCATALOG_COMPILER_APPICON_NAME = AppIcon;
				CODE_SIGN_STYLE = Automatic;
				CURRENT_PROJECT_VERSION = 19;
				DEVELOPMENT_TEAM = 59M7WG842C;
				INFOPLIST_FILE = "DataDomeSDKTestApp/Supporting Files/Info.plist";
				LD_RUNPATH_SEARCH_PATHS = (
					"$(inherited)",
					"@executable_path/Frameworks",
				);
				PRODUCT_BUNDLE_IDENTIFIER = com.b1project.datadome.DataDomeSampleApp;
				PRODUCT_NAME = "$(TARGET_NAME)";
				SWIFT_VERSION = 5.0;
				TARGETED_DEVICE_FAMILY = "1,2";
				VERSIONING_SYSTEM = "apple-generic";
			};
			name = Debug;
		};
		4AFE30AB228EE80100F7D3D2 /* Release */ = {
			isa = XCBuildConfiguration;
			baseConfigurationReference = 0042BC06FB6329138F589F76 /* Pods-DataDomeSDKTestApp.release.xcconfig */;
			buildSettings = {
				ASSETCATALOG_COMPILER_APPICON_NAME = AppIcon;
				CODE_SIGN_STYLE = Automatic;
				CURRENT_PROJECT_VERSION = 19;
				DEVELOPMENT_TEAM = 59M7WG842C;
				INFOPLIST_FILE = "DataDomeSDKTestApp/Supporting Files/Info.plist";
				LD_RUNPATH_SEARCH_PATHS = (
					"$(inherited)",
					"@executable_path/Frameworks",
				);
				PRODUCT_BUNDLE_IDENTIFIER = com.b1project.datadome.DataDomeSampleApp;
				PRODUCT_NAME = "$(TARGET_NAME)";
				SWIFT_VERSION = 5.0;
				TARGETED_DEVICE_FAMILY = "1,2";
				VERSIONING_SYSTEM = "apple-generic";
			};
			name = Release;
		};
/* End XCBuildConfiguration section */

/* Begin XCConfigurationList section */
		4AFE3092228EE7FD00F7D3D2 /* Build configuration list for PBXProject "DataDomeSDKTestApp" */ = {
			isa = XCConfigurationList;
			buildConfigurations = (
				4AFE30A7228EE80100F7D3D2 /* Debug */,
				4AFE30A8228EE80100F7D3D2 /* Release */,
			);
			defaultConfigurationIsVisible = 0;
			defaultConfigurationName = Release;
		};
		4AFE30A9228EE80100F7D3D2 /* Build configuration list for PBXNativeTarget "DataDomeSDKTestApp" */ = {
			isa = XCConfigurationList;
			buildConfigurations = (
				4AFE30AA228EE80100F7D3D2 /* Debug */,
				4AFE30AB228EE80100F7D3D2 /* Release */,
			);
			defaultConfigurationIsVisible = 0;
			defaultConfigurationName = Release;
		};
/* End XCConfigurationList section */
	};
	rootObject = 4AFE308F228EE7FD00F7D3D2 /* Project object */;
}
